
Microsoft Visual Studio Solution File, Format Version 12.00
# Visual Studio Version 16
VisualStudioVersion = 16.0.31129.286
MinimumVisualStudioVersion = 10.0.40219.1
Project("{FAE04EC0-301F-11D3-BF4B-00C04F79EFBC}") = "CustomizeUIElement.Demo", "CustomizeUIElement.Demo\CustomizeUIElement.Demo.csproj", "{F7A8B71C-7CC9-4F66-B3F0-3C7FAE380B6D}"
EndProject
Project("{FAE04EC0-301F-11D3-BF4B-00C04F79EFBC}") = "CustomizeUIElement.WpfControlLibrary", "..\CustomizeUIElement.WpfControlLibrary\CustomizeUIElement.WpfControlLibrary.csproj", "{559E84BB-2400-4815-8EBD-6252A94FE811}"
EndProject
Global
	GlobalSection(SolutionConfigurationPlatforms) = preSolution
		Debug|Any CPU = Debug|Any CPU
		Release|Any CPU = Release|Any CPU
	EndGlobalSection
	GlobalSection(ProjectConfigurationPlatforms) = postSolution
		{F7A8B71C-7CC9-4F66-B3F0-3C7FAE380B6D}.Debug|Any CPU.ActiveCfg = Debug|Any CPU
		{F7A8B71C-7CC9-4F66-B3F0-3C7FAE380B6D}.Debug|Any CPU.Build.0 = Debug|Any CPU
		{F7A8B71C-7CC9-4F66-B3F0-3C7FAE380B6D}.Release|Any CPU.ActiveCfg = Release|Any CPU
		{F7A8B71C-7CC9-4F66-B3F0-3C7FAE380B6D}.Release|Any CPU.Build.0 = Release|Any CPU
		{559E84BB-2400-4815-8EBD-6252A94FE811}.Debug|Any CPU.ActiveCfg = Debug|Any CPU
		{559E84BB-2400-4815-8EBD-6252A94FE811}.Debug|Any CPU.Build.0 = Debug|Any CPU
		{559E84BB-2400-4815-8EBD-6252A94FE811}.Release|Any CPU.ActiveCfg = Release|Any CPU
		{559E84BB-2400-4815-8EBD-6252A94FE811}.Release|Any CPU.Build.0 = Release|Any CPU
	EndGlobalSection
	GlobalSection(SolutionProperties) = preSolution
		HideSolutionNode = FALSE
	EndGlobalSection
	GlobalSection(ExtensibilityGlobals) = postSolution
		SolutionGuid = {F7BD8B48-A286-45D5-8C7D-B20924743F86}
	EndGlobalSection
EndGlobal
